// !$*UTF8*$!
{
	archiveVersion = 1;
	classes = {
	};
	objectVersion = 50;
	objects = {

/* Begin PBXBuildFile section */
		64FC98D5255C3FD100BAC07F /* AppDelegate.swift in Sources */ = {isa = PBXBuildFile; fileRef = 64FC98D4255C3FD100BAC07F /* AppDelegate.swift */; };
		64FC98D7255C3FD100BAC07F /* SceneDelegate.swift in Sources */ = {isa = PBXBuildFile; fileRef = 64FC98D6255C3FD100BAC07F /* SceneDelegate.swift */; };
		64FC98D9255C3FD100BAC07F /* ViewController.swift in Sources */ = {isa = PBXBuildFile; fileRef = 64FC98D8255C3FD100BAC07F /* ViewController.swift */; };
		64FC98DC255C3FD100BAC07F /* Main.storyboard in Resources */ = {isa = PBXBuildFile; fileRef = 64FC98DA255C3FD100BAC07F /* Main.storyboard */; };
		64FC98DE255C3FD500BAC07F /* Assets.xcassets in Resources */ = {isa = PBXBuildFile; fileRef = 64FC98DD255C3FD500BAC07F /* Assets.xcassets */; };
		64FC98E1255C3FD500BAC07F /* LaunchScreen.storyboard in Resources */ = {isa = PBXBuildFile; fileRef = 64FC98DF255C3FD500BAC07F /* LaunchScreen.storyboard */; };
		64FC98EC255C3FD600BAC07F /* magicAppTests.swift in Sources */ = {isa = PBXBuildFile; fileRef = 64FC98EB255C3FD600BAC07F /* magicAppTests.swift */; };
		64FC98F7255C3FD600BAC07F /* magicAppUITests.swift in Sources */ = {isa = PBXBuildFile; fileRef = 64FC98F6255C3FD600BAC07F /* magicAppUITests.swift */; };
/* End PBXBuildFile section */

/* Begin PBXContainerItemProxy section */
		64FC98E8255C3FD600BAC07F /* PBXContainerItemProxy */ = {
			isa = PBXContainerItemProxy;
			containerPortal = 64FC98C9255C3FD100BAC07F /* Project object */;
			proxyType = 1;
			remoteGlobalIDString = 64FC98D0255C3FD100BAC07F;
			remoteInfo = magicApp;
		};
		64FC98F3255C3FD600BAC07F /* PBXContainerItemProxy */ = {
			isa = PBXContainerItemProxy;
			containerPortal = 64FC98C9255C3FD100BAC07F /* Project object */;
			proxyType = 1;
			remoteGlobalIDString = 64FC98D0255C3FD100BAC07F;
			remoteInfo = magicApp;
		};
/* End PBXContainerItemProxy section */

/* Begin PBXFileReference section */
		64FC98D1255C3FD100BAC07F /* magicApp.app */ = {isa = PBXFileReference; explicitFileType = wrapper.application; includeInIndex = 0; path = magicApp.app; sourceTree = BUILT_PRODUCTS_DIR; };
		64FC98D4255C3FD100BAC07F /* AppDelegate.swift */ = {isa = PBXFileReference; lastKnownFileType = sourcecode.swift; path = AppDelegate.swift; sourceTree = "<group>"; };
		64FC98D6255C3FD100BAC07F /* SceneDelegate.swift */ = {isa = PBXFileReference; lastKnownFileType = sourcecode.swift; path = SceneDelegate.swift; sourceTree = "<group>"; };
		64FC98D8255C3FD100BAC07F /* ViewController.swift */ = {isa = PBXFileReference; lastKnownFileType = sourcecode.swift; path = ViewController.swift; sourceTree = "<group>"; };
		64FC98DB255C3FD100BAC07F /* Base */ = {isa = PBXFileReference; lastKnownFileType = file.storyboard; name = Base; path = Base.lproj/Main.storyboard; sourceTree = "<group>"; };
		64FC98DD255C3FD500BAC07F /* Assets.xcassets */ = {isa = PBXFileReference; lastKnownFileType = folder.assetcatalog; path = Assets.xcassets; sourceTree = "<group>"; };
		64FC98E0255C3FD500BAC07F /* Base */ = {isa = PBXFileReference; lastKnownFileType = file.storyboard; name = Base; path = Base.lproj/LaunchScreen.storyboard; sourceTree = "<group>"; };
		64FC98E2255C3FD500BAC07F /* Info.plist */ = {isa = PBXFileReference; lastKnownFileType = text.plist.xml; path = Info.plist; sourceTree = "<group>"; };
		64FC98E7255C3FD600BAC07F /* magicAppTests.xctest */ = {isa = PBXFileReference; explicitFileType = wrapper.cfbundle; includeInIndex = 0; path = magicAppTests.xctest; sourceTree = BUILT_PRODUCTS_DIR; };
		64FC98EB255C3FD600BAC07F /* magicAppTests.swift */ = {isa = PBXFileReference; lastKnownFileType = sourcecode.swift; path = magicAppTests.swift; sourceTree = "<group>"; };
		64FC98ED255C3FD600BAC07F /* Info.plist */ = {isa = PBXFileReference; lastKnownFileType = text.plist.xml; path = Info.plist; sourceTree = "<group>"; };
		64FC98F2255C3FD600BAC07F /* magicAppUITests.xctest */ = {isa = PBXFileReference; explicitFileType = wrapper.cfbundle; includeInIndex = 0; path = magicAppUITests.xctest; sourceTree = BUILT_PRODUCTS_DIR; };
		64FC98F6255C3FD600BAC07F /* magicAppUITests.swift */ = {isa = PBXFileReference; lastKnownFileType = sourcecode.swift; path = magicAppUITests.swift; sourceTree = "<group>"; };
		64FC98F8255C3FD600BAC07F /* Info.plist */ = {isa = PBXFileReference; lastKnownFileType = text.plist.xml; path = Info.plist; sourceTree = "<group>"; };
/* End PBXFileReference section */

/* Begin PBXFrameworksBuildPhase section */
		64FC98CE255C3FD100BAC07F /* Frameworks */ = {
			isa = PBXFrameworksBuildPhase;
			buildActionMask = 2147483647;
			files = (
			);
			runOnlyForDeploymentPostprocessing = 0;
		};
		64FC98E4255C3FD600BAC07F /* Frameworks */ = {
			isa = PBXFrameworksBuildPhase;
			buildActionMask = 2147483647;
			files = (
			);
			runOnlyForDeploymentPostprocessing = 0;
		};
		64FC98EF255C3FD600BAC07F /* Frameworks */ = {
			isa = PBXFrameworksBuildPhase;
			buildActionMask = 2147483647;
			files = (
			);
			runOnlyForDeploymentPostprocessing = 0;
		};
/* End PBXFrameworksBuildPhase section */

/* Begin PBXGroup section */
		64FC98C8255C3FD100BAC07F = {
			isa = PBXGroup;
			children = (
				64FC98D3255C3FD100BAC07F /* magicApp */,
				64FC98EA255C3FD600BAC07F /* magicAppTests */,
				64FC98F5255C3FD600BAC07F /* magicAppUITests */,
				64FC98D2255C3FD100BAC07F /* Products */,
			);
			sourceTree = "<group>";
		};
		64FC98D2255C3FD100BAC07F /* Products */ = {
			isa = PBXGroup;
			children = (
				64FC98D1255C3FD100BAC07F /* magicApp.app */,
				64FC98E7255C3FD600BAC07F /* magicAppTests.xctest */,
				64FC98F2255C3FD600BAC07F /* magicAppUITests.xctest */,
			);
			name = Products;
			sourceTree = "<group>";
		};
		64FC98D3255C3FD100BAC07F /* magicApp */ = {
			isa = PBXGroup;
			children = (
				64FC98D4255C3FD100BAC07F /* AppDelegate.swift */,
				64FC98D6255C3FD100BAC07F /* SceneDelegate.swift */,
				64FC98D8255C3FD100BAC07F /* ViewController.swift */,
				64FC98DA255C3FD100BAC07F /* Main.storyboard */,
				64FC98DD255C3FD500BAC07F /* Assets.xcassets */,
				64FC98DF255C3FD500BAC07F /* LaunchScreen.storyboard */,
				64FC98E2255C3FD500BAC07F /* Info.plist */,
			);
			path = magicApp;
			sourceTree = "<group>";
		};
		64FC98EA255C3FD600BAC07F /* magicAppTests */ = {
			isa = PBXGroup;
			children = (
				64FC98EB255C3FD600BAC07F /* magicAppTests.swift */,
				64FC98ED255C3FD600BAC07F /* Info.plist */,
			);
			path = magicAppTests;
			sourceTree = "<group>";
		};
		64FC98F5255C3FD600BAC07F /* magicAppUITests */ = {
			isa = PBXGroup;
			children = (
				64FC98F6255C3FD600BAC07F /* magicAppUITests.swift */,
				64FC98F8255C3FD600BAC07F /* Info.plist */,
			);
			path = magicAppUITests;
			sourceTree = "<group>";
		};
/* End PBXGroup section */

/* Begin PBXNativeTarget section */
		64FC98D0255C3FD100BAC07F /* magicApp */ = {
			isa = PBXNativeTarget;
			buildConfigurationList = 64FC98FB255C3FD600BAC07F /* Build configuration list for PBXNativeTarget "magicApp" */;
			buildPhases = (
				64FC98CD255C3FD100BAC07F /* Sources */,
				64FC98CE255C3FD100BAC07F /* Frameworks */,
				64FC98CF255C3FD100BAC07F /* Resources */,
			);
			buildRules = (
			);
			dependencies = (
			);
			name = magicApp;
			productName = magicApp;
			productReference = 64FC98D1255C3FD100BAC07F /* magicApp.app */;
			productType = "com.apple.product-type.application";
		};
		64FC98E6255C3FD600BAC07F /* magicAppTests */ = {
			isa = PBXNativeTarget;
			buildConfigurationList = 64FC98FE255C3FD600BAC07F /* Build configuration list for PBXNativeTarget "magicAppTests" */;
			buildPhases = (
				64FC98E3255C3FD600BAC07F /* Sources */,
				64FC98E4255C3FD600BAC07F /* Frameworks */,
				64FC98E5255C3FD600BAC07F /* Resources */,
			);
			buildRules = (
			);
			dependencies = (
				64FC98E9255C3FD600BAC07F /* PBXTargetDependency */,
			);
			name = magicAppTests;
			productName = magicAppTests;
			productReference = 64FC98E7255C3FD600BAC07F /* magicAppTests.xctest */;
			productType = "com.apple.product-type.bundle.unit-test";
		};
		64FC98F1255C3FD600BAC07F /* magicAppUITests */ = {
			isa = PBXNativeTarget;
			buildConfigurationList = 64FC9901255C3FD600BAC07F /* Build configuration list for PBXNativeTarget "magicAppUITests" */;
			buildPhases = (
				64FC98EE255C3FD600BAC07F /* Sources */,
				64FC98EF255C3FD600BAC07F /* Frameworks */,
				64FC98F0255C3FD600BAC07F /* Resources */,
			);
			buildRules = (
			);
			dependencies = (
				64FC98F4255C3FD600BAC07F /* PBXTargetDependency */,
			);
			name = magicAppUITests;
			productName = magicAppUITests;
			productReference = 64FC98F2255C3FD600BAC07F /* magicAppUITests.xctest */;
			productType = "com.apple.product-type.bundle.ui-testing";
		};
/* End PBXNativeTarget section */

/* Begin PBXProject section */
		64FC98C9255C3FD100BAC07F /* Project object */ = {
			isa = PBXProject;
			attributes = {
				LastSwiftUpdateCheck = 1210;
				LastUpgradeCheck = 1210;
				TargetAttributes = {
					64FC98D0255C3FD100BAC07F = {
						CreatedOnToolsVersion = 12.1;
					};
					64FC98E6255C3FD600BAC07F = {
						CreatedOnToolsVersion = 12.1;
						TestTargetID = 64FC98D0255C3FD100BAC07F;
					};
					64FC98F1255C3FD600BAC07F = {
						CreatedOnToolsVersion = 12.1;
						TestTargetID = 64FC98D0255C3FD100BAC07F;
					};
				};
			};
			buildConfigurationList = 64FC98CC255C3FD100BAC07F /* Build configuration list for PBXProject "magicApp" */;
			compatibilityVersion = "Xcode 9.3";
			developmentRegion = en;
			hasScannedForEncodings = 0;
			knownRegions = (
				en,
				Base,
			);
			mainGroup = 64FC98C8255C3FD100BAC07F;
			productRefGroup = 64FC98D2255C3FD100BAC07F /* Products */;
			projectDirPath = "";
			projectRoot = "";
			targets = (
				64FC98D0255C3FD100BAC07F /* magicApp */,
				64FC98E6255C3FD600BAC07F /* magicAppTests */,
				64FC98F1255C3FD600BAC07F /* magicAppUITests */,
			);
		};
/* End PBXProject section */

/* Begin PBXResourcesBuildPhase section */
		64FC98CF255C3FD100BAC07F /* Resources */ = {
			isa = PBXResourcesBuildPhase;
			buildActionMask = 2147483647;
			files = (
				64FC98E1255C3FD500BAC07F /* LaunchScreen.storyboard in Resources */,
				64FC98DE255C3FD500BAC07F /* Assets.xcassets in Resources */,
				64FC98DC255C3FD100BAC07F /* Main.storyboard in Resources */,
			);
			runOnlyForDeploymentPostprocessing = 0;
		};
		64FC98E5255C3FD600BAC07F /* Resources */ = {
			isa = PBXResourcesBuildPhase;
			buildActionMask = 2147483647;
			files = (
			);
			runOnlyForDeploymentPostprocessing = 0;
		};
		64FC98F0255C3FD600BAC07F /* Resources */ = {
			isa = PBXResourcesBuildPhase;
			buildActionMask = 2147483647;
			files = (
			);
			runOnlyForDeploymentPostprocessing = 0;
		};
/* End PBXResourcesBuildPhase section */

/* Begin PBXSourcesBuildPhase section */
		64FC98CD255C3FD100BAC07F /* Sources */ = {
			isa = PBXSourcesBuildPhase;
			buildActionMask = 2147483647;
			files = (
				64FC98D9255C3FD100BAC07F /* ViewController.swift in Sources */,
				64FC98D5255C3FD100BAC07F /* AppDelegate.swift in Sources */,
				64FC98D7255C3FD100BAC07F /* SceneDelegate.swift in Sources */,
			);
			runOnlyForDeploymentPostprocessing = 0;
		};
		64FC98E3255C3FD600BAC07F /* Sources */ = {
			isa = PBXSourcesBuildPhase;
			buildActionMask = 2147483647;
			files = (
				64FC98EC255C3FD600BAC07F /* magicAppTests.swift in Sources */,
			);
			runOnlyForDeploymentPostprocessing = 0;
		};
		64FC98EE255C3FD600BAC07F /* Sources */ = {
			isa = PBXSourcesBuildPhase;
			buildActionMask = 2147483647;
			files = (
				64FC98F7255C3FD600BAC07F /* magicAppUITests.swift in Sources */,
			);
			runOnlyForDeploymentPostprocessing = 0;
		};
/* End PBXSourcesBuildPhase section */

/* Begin PBXTargetDependency section */
		64FC98E9255C3FD600BAC07F /* PBXTargetDependency */ = {
			isa = PBXTargetDependency;
			target = 64FC98D0255C3FD100BAC07F /* magicApp */;
			targetProxy = 64FC98E8255C3FD600BAC07F /* PBXContainerItemProxy */;
		};
		64FC98F4255C3FD600BAC07F /* PBXTargetDependency */ = {
			isa = PBXTargetDependency;
			target = 64FC98D0255C3FD100BAC07F /* magicApp */;
			targetProxy = 64FC98F3255C3FD600BAC07F /* PBXContainerItemProxy */;
		};
/* End PBXTargetDependency section */

/* Begin PBXVariantGroup section */
		64FC98DA255C3FD100BAC07F /* Main.storyboard */ = {
			isa = PBXVariantGroup;
			children = (
				64FC98DB255C3FD100BAC07F /* Base */,
			);
			name = Main.storyboard;
			sourceTree = "<group>";
		};
		64FC98DF255C3FD500BAC07F /* LaunchScreen.storyboard */ = {
			isa = PBXVariantGroup;
			children = (
				64FC98E0255C3FD500BAC07F /* Base */,
			);
			name = LaunchScreen.storyboard;
			sourceTree = "<group>";
		};
/* End PBXVariantGroup section */

/* Begin XCBuildConfiguration section */
		64FC98F9255C3FD600BAC07F /* Debug */ = {
			isa = XCBuildConfiguration;
			buildSettings = {
				ALWAYS_SEARCH_USER_PATHS = NO;
				CLANG_ANALYZER_NONNULL = YES;
				CLANG_ANALYZER_NUMBER_OBJECT_CONVERSION = YES_AGGRESSIVE;
				CLANG_CXX_LANGUAGE_STANDARD = "gnu++14";
				CLANG_CXX_LIBRARY = "libc++";
				CLANG_ENABLE_MODULES = YES;
				CLANG_ENABLE_OBJC_ARC = YES;
				CLANG_ENABLE_OBJC_WEAK = YES;
				CLANG_WARN_BLOCK_CAPTURE_AUTORELEASING = YES;
				CLANG_WARN_BOOL_CONVERSION = YES;
				CLANG_WARN_COMMA = YES;
				CLANG_WARN_CONSTANT_CONVERSION = YES;
				CLANG_WARN_DEPRECATED_OBJC_IMPLEMENTATIONS = YES;
				CLANG_WARN_DIRECT_OBJC_ISA_USAGE = YES_ERROR;
				CLANG_WARN_DOCUMENTATION_COMMENTS = YES;
				CLANG_WARN_EMPTY_BODY = YES;
				CLANG_WARN_ENUM_CONVERSION = YES;
				CLANG_WARN_INFINITE_RECURSION = YES;
				CLANG_WARN_INT_CONVERSION = YES;
				CLANG_WARN_NON_LITERAL_NULL_CONVERSION = YES;
				CLANG_WARN_OBJC_IMPLICIT_RETAIN_SELF = YES;
				CLANG_WARN_OBJC_LITERAL_CONVERSION = YES;
				CLANG_WARN_OBJC_ROOT_CLASS = YES_ERROR;
				CLANG_WARN_QUOTED_INCLUDE_IN_FRAMEWORK_HEADER = YES;
				CLANG_WARN_RANGE_LOOP_ANALYSIS = YES;
				CLANG_WARN_STRICT_PROTOTYPES = YES;
				CLANG_WARN_SUSPICIOUS_MOVE = YES;
				CLANG_WARN_UNGUARDED_AVAILABILITY = YES_AGGRESSIVE;
				CLANG_WARN_UNREACHABLE_CODE = YES;
				CLANG_WARN__DUPLICATE_METHOD_MATCH = YES;
				COPY_PHASE_STRIP = NO;
				DEBUG_INFORMATION_FORMAT = dwarf;
				ENABLE_STRICT_OBJC_MSGSEND = YES;
				ENABLE_TESTABILITY = YES;
				GCC_C_LANGUAGE_STANDARD = gnu11;
				GCC_DYNAMIC_NO_PIC = NO;
				GCC_NO_COMMON_BLOCKS = YES;
				GCC_OPTIMIZATION_LEVEL = 0;
				GCC_PREPROCESSOR_DEFINITIONS = (
					"DEBUG=1",
					"$(inherited)",
				);
				GCC_WARN_64_TO_32_BIT_CONVERSION = YES;
				GCC_WARN_ABOUT_RETURN_TYPE = YES_ERROR;
				GCC_WARN_UNDECLARED_SELECTOR = YES;
				GCC_WARN_UNINITIALIZED_AUTOS = YES_AGGRESSIVE;
				GCC_WARN_UNUSED_FUNCTION = YES;
				GCC_WARN_UNUSED_VARIABLE = YES;
				IPHONEOS_DEPLOYMENT_TARGET = 14.1;
				MTL_ENABLE_DEBUG_INFO = INCLUDE_SOURCE;
				MTL_FAST_MATH = YES;
				ONLY_ACTIVE_ARCH = YES;
				SDKROOT = iphoneos;
				SWIFT_ACTIVE_COMPILATION_CONDITIONS = DEBUG;
				SWIFT_OPTIMIZATION_LEVEL = "-Onone";
			};
			name = Debug;
		};
		64FC98FA255C3FD600BAC07F /* Release */ = {
			isa = XCBuildConfiguration;
			buildSettings = {
				ALWAYS_SEARCH_USER_PATHS = NO;
				CLANG_ANALYZER_NONNULL = YES;
				CLANG_ANALYZER_NUMBER_OBJECT_CONVERSION = YES_AGGRESSIVE;
				CLANG_CXX_LANGUAGE_STANDARD = "gnu++14";
				CLANG_CXX_LIBRARY = "libc++";
				CLANG_ENABLE_MODULES = YES;
				CLANG_ENABLE_OBJC_ARC = YES;
				CLANG_ENABLE_OBJC_WEAK = YES;
				CLANG_WARN_BLOCK_CAPTURE_AUTORELEASING = YES;
				CLANG_WARN_BOOL_CONVERSION = YES;
				CLANG_WARN_COMMA = YES;
				CLANG_WARN_CONSTANT_CONVERSION = YES;
				CLANG_WARN_DEPRECATED_OBJC_IMPLEMENTATIONS = YES;
				CLANG_WARN_DIRECT_OBJC_ISA_USAGE = YES_ERROR;
				CLANG_WARN_DOCUMENTATION_COMMENTS = YES;
				CLANG_WARN_EMPTY_BODY = YES;
				CLANG_WARN_ENUM_CONVERSION = YES;
				CLANG_WARN_INFINITE_RECURSION = YES;
				CLANG_WARN_INT_CONVERSION = YES;
				CLANG_WARN_NON_LITERAL_NULL_CONVERSION = YES;
				CLANG_WARN_OBJC_IMPLICIT_RETAIN_SELF = YES;
				CLANG_WARN_OBJC_LITERAL_CONVERSION = YES;
				CLANG_WARN_OBJC_ROOT_CLASS = YES_ERROR;
				CLANG_WARN_QUOTED_INCLUDE_IN_FRAMEWORK_HEADER = YES;
				CLANG_WARN_RANGE_LOOP_ANALYSIS = YES;
				CLANG_WARN_STRICT_PROTOTYPES = YES;
				CLANG_WARN_SUSPICIOUS_MOVE = YES;
				CLANG_WARN_UNGUARDED_AVAILABILITY = YES_AGGRESSIVE;
				CLANG_WARN_UNREACHABLE_CODE = YES;
				CLANG_WARN__DUPLICATE_METHOD_MATCH = YES;
				COPY_PHASE_STRIP = NO;
				DEBUG_INFORMATION_FORMAT = "dwarf-with-dsym";
				ENABLE_NS_ASSERTIONS = NO;
				ENABLE_STRICT_OBJC_MSGSEND = YES;
				GCC_C_LANGUAGE_STANDARD = gnu11;
				GCC_NO_COMMON_BLOCKS = YES;
				GCC_WARN_64_TO_32_BIT_CONVERSION = YES;
				GCC_WARN_ABOUT_RETURN_TYPE = YES_ERROR;
				GCC_WARN_UNDECLARED_SELECTOR = YES;
				GCC_WARN_UNINITIALIZED_AUTOS = YES_AGGRESSIVE;
				GCC_WARN_UNUSED_FUNCTION = YES;
				GCC_WARN_UNUSED_VARIABLE = YES;
				IPHONEOS_DEPLOYMENT_TARGET = 14.1;
				MTL_ENABLE_DEBUG_INFO = NO;
				MTL_FAST_MATH = YES;
				SDKROOT = iphoneos;
				SWIFT_COMPILATION_MODE = wholemodule;
				SWIFT_OPTIMIZATION_LEVEL = "-O";
				VALIDATE_PRODUCT = YES;
			};
			name = Release;
		};
		64FC98FC255C3FD600BAC07F /* Debug */ = {
			isa = XCBuildConfiguration;
			buildSettings = {
				ASSETCATALOG_COMPILER_APPICON_NAME = AppIcon;
				ASSETCATALOG_COMPILER_GLOBAL_ACCENT_COLOR_NAME = AccentColor;
				CODE_SIGN_STYLE = Automatic;
				DEVELOPMENT_TEAM = 42ZN9N6G82;
				INFOPLIST_FILE = magicApp/Info.plist;
				LD_RUNPATH_SEARCH_PATHS = (
					"$(inherited)",
					"@executable_path/Frameworks",
				);
				PRODUCT_BUNDLE_IDENTIFIER = "Magic-Creatures-Academy.magicApp";
				PRODUCT_NAME = "$(TARGET_NAME)";
				SWIFT_VERSION = 5.0;
				TARGETED_DEVICE_FAMILY = "1,2";
			};
			name = Debug;
		};
		64FC98FD255C3FD600BAC07F /* Release */ = {
			isa = XCBuildConfiguration;
			buildSettings = {
				ASSETCATALOG_COMPILER_APPICON_NAME = AppIcon;
				ASSETCATALOG_COMPILER_GLOBAL_ACCENT_COLOR_NAME = AccentColor;
				CODE_SIGN_STYLE = Automatic;
				DEVELOPMENT_TEAM = 42ZN9N6G82;
				INFOPLIST_FILE = magicApp/Info.plist;
				LD_RUNPATH_SEARCH_PATHS = (
					"$(inherited)",
					"@executable_path/Frameworks",
				);
				PRODUCT_BUNDLE_IDENTIFIER = "Magic-Creatures-Academy.magicApp";
				PRODUCT_NAME = "$(TARGET_NAME)";
				SWIFT_VERSION = 5.0;
				TARGETED_DEVICE_FAMILY = "1,2";
			};
			name = Release;
		};
		64FC98FF255C3FD600BAC07F /* Debug */ = {
			isa = XCBuildConfiguration;
			buildSettings = {
				ALWAYS_EMBED_SWIFT_STANDARD_LIBRARIES = YES;
				BUNDLE_LOADER = "$(TEST_HOST)";
				CODE_SIGN_STYLE = Automatic;
				DEVELOPMENT_TEAM = 42ZN9N6G82;
				INFOPLIST_FILE = magicAppTests/Info.plist;
				IPHONEOS_DEPLOYMENT_TARGET = 14.1;
				LD_RUNPATH_SEARCH_PATHS = (
					"$(inherited)",
					"@executable_path/Frameworks",
					"@loader_path/Frameworks",
				);
				PRODUCT_BUNDLE_IDENTIFIER = "Magic-Creatures-Academy.magicAppTests";
				PRODUCT_NAME = "$(TARGET_NAME)";
				SWIFT_VERSION = 5.0;
				TARGETED_DEVICE_FAMILY = "1,2";
				TEST_HOST = "$(BUILT_PRODUCTS_DIR)/magicApp.app/magicApp";
			};
			name = Debug;
		};
		64FC9900255C3FD600BAC07F /* Release */ = {
			isa = XCBuildConfiguration;
			buildSettings = {
				ALWAYS_EMBED_SWIFT_STANDARD_LIBRARIES = YES;
				BUNDLE_LOADER = "$(TEST_HOST)";
				CODE_SIGN_STYLE = Automatic;
				DEVELOPMENT_TEAM = 42ZN9N6G82;
				INFOPLIST_FILE = magicAppTests/Info.plist;
				IPHONEOS_DEPLOYMENT_TARGET = 14.1;
				LD_RUNPATH_SEARCH_PATHS = (
					"$(inherited)",
					"@executable_path/Frameworks",
					"@loader_path/Frameworks",
				);
				PRODUCT_BUNDLE_IDENTIFIER = "Magic-Creatures-Academy.magicAppTests";
				PRODUCT_NAME = "$(TARGET_NAME)";
				SWIFT_VERSION = 5.0;
				TARGETED_DEVICE_FAMILY = "1,2";
				TEST_HOST = "$(BUILT_PRODUCTS_DIR)/magicApp.app/magicApp";
			};
			name = Release;
		};
		64FC9902255C3FD600BAC07F /* Debug */ = {
			isa = XCBuildConfiguration;
			buildSettings = {
				ALWAYS_EMBED_SWIFT_STANDARD_LIBRARIES = YES;
				CODE_SIGN_STYLE = Automatic;
				DEVELOPMENT_TEAM = 42ZN9N6G82;
				INFOPLIST_FILE = magicAppUITests/Info.plist;
				LD_RUNPATH_SEARCH_PATHS = (
					"$(inherited)",
					"@executable_path/Frameworks",
					"@loader_path/Frameworks",
				);
				PRODUCT_BUNDLE_IDENTIFIER = "Magic-Creatures-Academy.magicAppUITests";
				PRODUCT_NAME = "$(TARGET_NAME)";
				SWIFT_VERSION = 5.0;
				TARGETED_DEVICE_FAMILY = "1,2";
				TEST_TARGET_NAME = magicApp;
			};
			name = Debug;
		};
		64FC9903255C3FD600BAC07F /* Release */ = {
			isa = XCBuildConfiguration;
			buildSettings = {
				ALWAYS_EMBED_SWIFT_STANDARD_LIBRARIES = YES;
				CODE_SIGN_STYLE = Automatic;
				DEVELOPMENT_TEAM = 42ZN9N6G82;
				INFOPLIST_FILE = magicAppUITests/Info.plist;
				LD_RUNPATH_SEARCH_PATHS = (
					"$(inherited)",
					"@executable_path/Frameworks",
					"@loader_path/Frameworks",
				);
				PRODUCT_BUNDLE_IDENTIFIER = "Magic-Creatures-Academy.magicAppUITests";
				PRODUCT_NAME = "$(TARGET_NAME)";
				SWIFT_VERSION = 5.0;
				TARGETED_DEVICE_FAMILY = "1,2";
				TEST_TARGET_NAME = magicApp;
			};
			name = Release;
		};
/* End XCBuildConfiguration section */

/* Begin XCConfigurationList section */
		64FC98CC255C3FD100BAC07F /* Build configuration list for PBXProject "magicApp" */ = {
			isa = XCConfigurationList;
			buildConfigurations = (
				64FC98F9255C3FD600BAC07F /* Debug */,
				64FC98FA255C3FD600BAC07F /* Release */,
			);
			defaultConfigurationIsVisible = 0;
			defaultConfigurationName = Release;
		};
		64FC98FB255C3FD600BAC07F /* Build configuration list for PBXNativeTarget "magicApp" */ = {
			isa = XCConfigurationList;
			buildConfigurations = (
				64FC98FC255C3FD600BAC07F /* Debug */,
				64FC98FD255C3FD600BAC07F /* Release */,
			);
			defaultConfigurationIsVisible = 0;
			defaultConfigurationName = Release;
		};
		64FC98FE255C3FD600BAC07F /* Build configuration list for PBXNativeTarget "magicAppTests" */ = {
			isa = XCConfigurationList;
			buildConfigurations = (
				64FC98FF255C3FD600BAC07F /* Debug */,
				64FC9900255C3FD600BAC07F /* Release */,
			);
			defaultConfigurationIsVisible = 0;
			defaultConfigurationName = Release;
		};
		64FC9901255C3FD600BAC07F /* Build configuration list for PBXNativeTarget "magicAppUITests" */ = {
			isa = XCConfigurationList;
			buildConfigurations = (
				64FC9902255C3FD600BAC07F /* Debug */,
				64FC9903255C3FD600BAC07F /* Release */,
			);
			defaultConfigurationIsVisible = 0;
			defaultConfigurationName = Release;
		};
/* End XCConfigurationList section */
	};
	rootObject = 64FC98C9255C3FD100BAC07F /* Project object */;
}
